// !$*UTF8*$!
{
	archiveVersion = 1;
	classes = {
	};
	objectVersion = 46;
	objects = {

/* Begin PBXBuildFile section */
		5955567F1F14F21100842D09 /* main.cpp in Sources */ = {isa = PBXBuildFile; fileRef = 5955567E1F14F21100842D09 /* main.cpp */; };
		595556871F14F24700842D09 /* lib in Frameworks */ = {isa = PBXBuildFile; fileRef = 595556861F14F24700842D09 /* lib */; };
		5955568A1F14FB6000842D09 /* complexNumber.cpp in Sources */ = {isa = PBXBuildFile; fileRef = 595556891F14FB6000842D09 /* complexNumber.cpp */; };
/* End PBXBuildFile section */

/* Begin PBXCopyFilesBuildPhase section */
		595556791F14F21100842D09 /* CopyFiles */ = {
			isa = PBXCopyFilesBuildPhase;
			buildActionMask = 2147483647;
			dstPath = /usr/share/man/man1/;
			dstSubfolderSpec = 0;
			files = (
			);
			runOnlyForDeploymentPostprocessing = 1;
		};
/* End PBXCopyFilesBuildPhase section */

/* Begin PBXFileReference section */
		5955567B1F14F21100842D09 /* Financial Engineering(complex number) */ = {isa = PBXFileReference; explicitFileType = "compiled.mach-o.executable"; includeInIndex = 0; path = "Financial Engineering(complex number)"; sourceTree = BUILT_PRODUCTS_DIR; };
		5955567E1F14F21100842D09 /* main.cpp */ = {isa = PBXFileReference; lastKnownFileType = sourcecode.cpp.cpp; path = main.cpp; sourceTree = "<group>"; };
		595556861F14F24700842D09 /* lib */ = {isa = PBXFileReference; lastKnownFileType = folder; name = lib; path = ../../../../usr/local/lib; sourceTree = "<group>"; };
		595556881F14FB4700842D09 /* complexNumber.h */ = {isa = PBXFileReference; lastKnownFileType = sourcecode.c.h; path = complexNumber.h; sourceTree = "<group>"; };
		595556891F14FB6000842D09 /* complexNumber.cpp */ = {isa = PBXFileReference; fileEncoding = 4; lastKnownFileType = sourcecode.cpp.cpp; path = complexNumber.cpp; sourceTree = "<group>"; };
/* End PBXFileReference section */

/* Begin PBXFrameworksBuildPhase section */
		595556781F14F21100842D09 /* Frameworks */ = {
			isa = PBXFrameworksBuildPhase;
			buildActionMask = 2147483647;
			files = (
				595556871F14F24700842D09 /* lib in Frameworks */,
			);
			runOnlyForDeploymentPostprocessing = 0;
		};
/* End PBXFrameworksBuildPhase section */

/* Begin PBXGroup section */
		595556721F14F21100842D09 = {
			isa = PBXGroup;
			children = (
				5955567D1F14F21100842D09 /* Financial Engineering(complex number) */,
				5955567C1F14F21100842D09 /* Products */,
				595556851F14F24600842D09 /* Frameworks */,
			);
			sourceTree = "<group>";
		};
		5955567C1F14F21100842D09 /* Products */ = {
			isa = PBXGroup;
			children = (
				5955567B1F14F21100842D09 /* Financial Engineering(complex number) */,
			);
			name = Products;
			sourceTree = "<group>";
		};
		5955567D1F14F21100842D09 /* Financial Engineering(complex number) */ = {
			isa = PBXGroup;
			children = (
				5955567E1F14F21100842D09 /* main.cpp */,
				595556881F14FB4700842D09 /* complexNumber.h */,
				595556891F14FB6000842D09 /* complexNumber.cpp */,
			);
			path = "Financial Engineering(complex number)";
			sourceTree = "<group>";
		};
		595556851F14F24600842D09 /* Frameworks */ = {
			isa = PBXGroup;
			children = (
				595556861F14F24700842D09 /* lib */,
			);
			name = Frameworks;
			sourceTree = "<group>";
		};
/* End PBXGroup section */

/* Begin PBXNativeTarget section */
		5955567A1F14F21100842D09 /* Financial Engineering(complex number) */ = {
			isa = PBXNativeTarget;
			buildConfigurationList = 595556821F14F21100842D09 /* Build configuration list for PBXNativeTarget "Financial Engineering(complex number)" */;
			buildPhases = (
				595556771F14F21100842D09 /* Sources */,
				595556781F14F21100842D09 /* Frameworks */,
				595556791F14F21100842D09 /* CopyFiles */,
			);
			buildRules = (
			);
			dependencies = (
			);
			name = "Financial Engineering(complex number)";
			productName = "Financial Engineering(complex number)";
			productReference = 5955567B1F14F21100842D09 /* Financial Engineering(complex number) */;
			productType = "com.apple.product-type.tool";
		};
/* End PBXNativeTarget section */

/* Begin PBXProject section */
		595556731F14F21100842D09 /* Project object */ = {
			isa = PBXProject;
			attributes = {
				LastUpgradeCheck = 0830;
				ORGANIZATIONNAME = "kimbeom-cheol";
				TargetAttributes = {
					5955567A1F14F21100842D09 = {
						CreatedOnToolsVersion = 8.3.3;
						ProvisioningStyle = Automatic;
					};
				};
			};
			buildConfigurationList = 595556761F14F21100842D09 /* Build configuration list for PBXProject "Financial Engineering(complex number)" */;
			compatibilityVersion = "Xcode 3.2";
			developmentRegion = English;
			hasScannedForEncodings = 0;
			knownRegions = (
				en,
			);
			mainGroup = 595556721F14F21100842D09;
			productRefGroup = 5955567C1F14F21100842D09 /* Products */;
			projectDirPath = "";
			projectRoot = "";
			targets = (
				5955567A1F14F21100842D09 /* Financial Engineering(complex number) */,
			);
		};
/* End PBXProject section */

/* Begin PBXSourcesBuildPhase section */
		595556771F14F21100842D09 /* Sources */ = {
			isa = PBXSourcesBuildPhase;
			buildActionMask = 2147483647;
			files = (
				5955567F1F14F21100842D09 /* main.cpp in Sources */,
				5955568A1F14FB6000842D09 /* complexNumber.cpp in Sources */,
			);
			runOnlyForDeploymentPostprocessing = 0;
		};
/* End PBXSourcesBuildPhase section */

/* Begin XCBuildConfiguration section */
		595556801F14F21100842D09 /* Debug */ = {
			isa = XCBuildConfiguration;
			buildSettings = {
				ALWAYS_SEARCH_USER_PATHS = NO;
				CLANG_ANALYZER_NONNULL = YES;
				CLANG_ANALYZER_NUMBER_OBJECT_CONVERSION = YES_AGGRESSIVE;
				CLANG_CXX_LANGUAGE_STANDARD = "gnu++0x";
				CLANG_CXX_LIBRARY = "libc++";
				CLANG_ENABLE_MODULES = YES;
				CLANG_ENABLE_OBJC_ARC = YES;
				CLANG_WARN_BOOL_CONVERSION = YES;
				CLANG_WARN_CONSTANT_CONVERSION = YES;
				CLANG_WARN_DIRECT_OBJC_ISA_USAGE = YES_ERROR;
				CLANG_WARN_DOCUMENTATION_COMMENTS = YES;
				CLANG_WARN_EMPTY_BODY = YES;
				CLANG_WARN_ENUM_CONVERSION = YES;
				CLANG_WARN_INFINITE_RECURSION = YES;
				CLANG_WARN_INT_CONVERSION = YES;
				CLANG_WARN_OBJC_ROOT_CLASS = YES_ERROR;
				CLANG_WARN_SUSPICIOUS_MOVE = YES;
				CLANG_WARN_UNREACHABLE_CODE = YES;
				CLANG_WARN__DUPLICATE_METHOD_MATCH = YES;
				CODE_SIGN_IDENTITY = "-";
				COPY_PHASE_STRIP = NO;
				DEBUG_INFORMATION_FORMAT = dwarf;
				ENABLE_STRICT_OBJC_MSGSEND = YES;
				ENABLE_TESTABILITY = YES;
				GCC_C_LANGUAGE_STANDARD = gnu99;
				GCC_DYNAMIC_NO_PIC = NO;
				GCC_NO_COMMON_BLOCKS = YES;
				GCC_OPTIMIZATION_LEVEL = 0;
				GCC_PREPROCESSOR_DEFINITIONS = (
					"DEBUG=1",
					"$(inherited)",
				);
				GCC_WARN_64_TO_32_BIT_CONVERSION = YES;
				GCC_WARN_ABOUT_RETURN_TYPE = YES_ERROR;
				GCC_WARN_UNDECLARED_SELECTOR = YES;
				GCC_WARN_UNINITIALIZED_AUTOS = YES_AGGRESSIVE;
				GCC_WARN_UNUSED_FUNCTION = YES;
				GCC_WARN_UNUSED_VARIABLE = YES;
				MACOSX_DEPLOYMENT_TARGET = 10.12;
				MTL_ENABLE_DEBUG_INFO = YES;
				ONLY_ACTIVE_ARCH = YES;
				SDKROOT = macosx;
			};
			name = Debug;
		};
		595556811F14F21100842D09 /* Release */ = {
			isa = XCBuildConfiguration;
			buildSettings = {
				ALWAYS_SEARCH_USER_PATHS = NO;
				CLANG_ANALYZER_NONNULL = YES;
				CLANG_ANALYZER_NUMBER_OBJECT_CONVERSION = YES_AGGRESSIVE;
				CLANG_CXX_LANGUAGE_STANDARD = "gnu++0x";
				CLANG_CXX_LIBRARY = "libc++";
				CLANG_ENABLE_MODULES = YES;
				CLANG_ENABLE_OBJC_ARC = YES;
				CLANG_WARN_BOOL_CONVERSION = YES;
				CLANG_WARN_CONSTANT_CONVERSION = YES;
				CLANG_WARN_DIRECT_OBJC_ISA_USAGE = YES_ERROR;
				CLANG_WARN_DOCUMENTATION_COMMENTS = YES;
				CLANG_WARN_EMPTY_BODY = YES;
				CLANG_WARN_ENUM_CONVERSION = YES;
				CLANG_WARN_INFINITE_RECURSION = YES;
				CLANG_WARN_INT_CONVERSION = YES;
				CLANG_WARN_OBJC_ROOT_CLASS = YES_ERROR;
				CLANG_WARN_SUSPICIOUS_MOVE = YES;
				CLANG_WARN_UNREACHABLE_CODE = YES;
				CLANG_WARN__DUPLICATE_METHOD_MATCH = YES;
				CODE_SIGN_IDENTITY = "-";
				COPY_PHASE_STRIP = NO;
				DEBUG_INFORMATION_FORMAT = "dwarf-with-dsym";
				ENABLE_NS_ASSERTIONS = NO;
				ENABLE_STRICT_OBJC_MSGSEND = YES;
				GCC_C_LANGUAGE_STANDARD = gnu99;
				GCC_NO_COMMON_BLOCKS = YES;
				GCC_WARN_64_TO_32_BIT_CONVERSION = YES;
				GCC_WARN_ABOUT_RETURN_TYPE = YES_ERROR;
				GCC_WARN_UNDECLARED_SELECTOR = YES;
				GCC_WARN_UNINITIALIZED_AUTOS = YES_AGGRESSIVE;
				GCC_WARN_UNUSED_FUNCTION = YES;
				GCC_WARN_UNUSED_VARIABLE = YES;
				MACOSX_DEPLOYMENT_TARGET = 10.12;
				MTL_ENABLE_DEBUG_INFO = NO;
				SDKROOT = macosx;
			};
			name = Release;
		};
		595556831F14F21100842D09 /* Debug */ = {
			isa = XCBuildConfiguration;
			buildSettings = {
				HEADER_SEARCH_PATHS = /usr/local/include;
				LIBRARY_SEARCH_PATHS = /usr/local/lib;
				PRODUCT_NAME = "$(TARGET_NAME)";
			};
			name = Debug;
		};
		595556841F14F21100842D09 /* Release */ = {
			isa = XCBuildConfiguration;
			buildSettings = {
				HEADER_SEARCH_PATHS = /usr/local/include;
				LIBRARY_SEARCH_PATHS = /usr/local/lib;
				PRODUCT_NAME = "$(TARGET_NAME)";
			};
			name = Release;
		};
/* End XCBuildConfiguration section */

/* Begin XCConfigurationList section */
		595556761F14F21100842D09 /* Build configuration list for PBXProject "Financial Engineering(complex number)" */ = {
			isa = XCConfigurationList;
			buildConfigurations = (
				595556801F14F21100842D09 /* Debug */,
				595556811F14F21100842D09 /* Release */,
			);
			defaultConfigurationIsVisible = 0;
			defaultConfigurationName = Release;
		};
		595556821F14F21100842D09 /* Build configuration list for PBXNativeTarget "Financial Engineering(complex number)" */ = {
			isa = XCConfigurationList;
			buildConfigurations = (
				595556831F14F21100842D09 /* Debug */,
				595556841F14F21100842D09 /* Release */,
			);
			defaultConfigurationIsVisible = 0;
		};
/* End XCConfigurationList section */
	};
	rootObject = 595556731F14F21100842D09 /* Project object */;
}
